
Microsoft Visual Studio Solution File, Format Version 12.00
# Visual Studio Version 16
VisualStudioVersion = 16.0.29418.71
MinimumVisualStudioVersion = 10.0.40219.1
Project("{9A19103F-16F7-4668-BE54-9A1E7A4F7556}") = "T.WebApp", "WebApp\T.WebApp.csproj", "{CDFE4CD7-35D5-49CF-9318-8FCBC19F31B3}"
EndProject
Project("{9A19103F-16F7-4668-BE54-9A1E7A4F7556}") = "T.EntityFrameworkCore", "T.EntityFrameworkCore\T.EntityFrameworkCore.csproj", "{A29CEABF-ECD5-4313-9971-D0C91EE48171}"
EndProject
Project("{9A19103F-16F7-4668-BE54-9A1E7A4F7556}") = "T.Application", "T.Application\T.Application.csproj", "{B70A438F-C7DD-4C97-9F88-E565C3FB3114}"
EndProject
Project("{9A19103F-16F7-4668-BE54-9A1E7A4F7556}") = "T.Shared", "T.Shared\T.Shared.csproj", "{ADCA1B1F-E33F-4244-9D9F-B04DE21E7595}"
EndProject
Project("{FAE04EC0-301F-11D3-BF4B-00C04F79EFBC}") = "T.Core", "T.Core\T.Core.csproj", "{C31EE8E2-7D28-4BA5-80CC-8BB39D6E157D}"
EndProject
Global
	GlobalSection(SolutionConfigurationPlatforms) = preSolution
		Debug|Any CPU = Debug|Any CPU
		Release|Any CPU = Release|Any CPU
	EndGlobalSection
	GlobalSection(ProjectConfigurationPlatforms) = postSolution
		{CDFE4CD7-35D5-49CF-9318-8FCBC19F31B3}.Debug|Any CPU.ActiveCfg = Debug|Any CPU
		{CDFE4CD7-35D5-49CF-9318-8FCBC19F31B3}.Debug|Any CPU.Build.0 = Debug|Any CPU
		{CDFE4CD7-35D5-49CF-9318-8FCBC19F31B3}.Release|Any CPU.ActiveCfg = Release|Any CPU
		{CDFE4CD7-35D5-49CF-9318-8FCBC19F31B3}.Release|Any CPU.Build.0 = Release|Any CPU
		{A29CEABF-ECD5-4313-9971-D0C91EE48171}.Debug|Any CPU.ActiveCfg = Debug|Any CPU
		{A29CEABF-ECD5-4313-9971-D0C91EE48171}.Debug|Any CPU.Build.0 = Debug|Any CPU
		{A29CEABF-ECD5-4313-9971-D0C91EE48171}.Release|Any CPU.ActiveCfg = Release|Any CPU
		{A29CEABF-ECD5-4313-9971-D0C91EE48171}.Release|Any CPU.Build.0 = Release|Any CPU
		{B70A438F-C7DD-4C97-9F88-E565C3FB3114}.Debug|Any CPU.ActiveCfg = Debug|Any CPU
		{B70A438F-C7DD-4C97-9F88-E565C3FB3114}.Debug|Any CPU.Build.0 = Debug|Any CPU
		{B70A438F-C7DD-4C97-9F88-E565C3FB3114}.Release|Any CPU.ActiveCfg = Release|Any CPU
		{B70A438F-C7DD-4C97-9F88-E565C3FB3114}.Release|Any CPU.Build.0 = Release|Any CPU
		{ADCA1B1F-E33F-4244-9D9F-B04DE21E7595}.Debug|Any CPU.ActiveCfg = Debug|Any CPU
		{ADCA1B1F-E33F-4244-9D9F-B04DE21E7595}.Debug|Any CPU.Build.0 = Debug|Any CPU
		{ADCA1B1F-E33F-4244-9D9F-B04DE21E7595}.Release|Any CPU.ActiveCfg = Release|Any CPU
		{ADCA1B1F-E33F-4244-9D9F-B04DE21E7595}.Release|Any CPU.Build.0 = Release|Any CPU
		{C31EE8E2-7D28-4BA5-80CC-8BB39D6E157D}.Debug|Any CPU.ActiveCfg = Debug|Any CPU
		{C31EE8E2-7D28-4BA5-80CC-8BB39D6E157D}.Debug|Any CPU.Build.0 = Debug|Any CPU
		{C31EE8E2-7D28-4BA5-80CC-8BB39D6E157D}.Release|Any CPU.ActiveCfg = Release|Any CPU
		{C31EE8E2-7D28-4BA5-80CC-8BB39D6E157D}.Release|Any CPU.Build.0 = Release|Any CPU
	EndGlobalSection
	GlobalSection(SolutionProperties) = preSolution
		HideSolutionNode = FALSE
	EndGlobalSection
	GlobalSection(ExtensibilityGlobals) = postSolution
		SolutionGuid = {128EC726-E3A0-428E-8767-ADA8377A3DDD}
	EndGlobalSection
EndGlobal
